
Microsoft Visual Studio Solution File, Format Version 12.00
# Visual Studio Version 17
VisualStudioVersion = 17.8.34408.163
MinimumVisualStudioVersion = 10.0.40219.1
Project("{FAE04EC0-301F-11D3-BF4B-00C04F79EFBC}") = "proxy-pattern", "proxy-pattern.csproj", "{BD855B34-D6E4-429E-A3BA-8DDAAA6386F4}"
EndProject
Global
	GlobalSection(SolutionConfigurationPlatforms) = preSolution
		Debug|Any CPU = Debug|Any CPU
		Release|Any CPU = Release|Any CPU
	EndGlobalSection
	GlobalSection(ProjectConfigurationPlatforms) = postSolution
		{BD855B34-D6E4-429E-A3BA-8DDAAA6386F4}.Debug|Any CPU.ActiveCfg = Debug|Any CPU
		{BD855B34-D6E4-429E-A3BA-8DDAAA6386F4}.Debug|Any CPU.Build.0 = Debug|Any CPU
		{BD855B34-D6E4-429E-A3BA-8DDAAA6386F4}.Release|Any CPU.ActiveCfg = Release|Any CPU
		{BD855B34-D6E4-429E-A3BA-8DDAAA6386F4}.Release|Any CPU.Build.0 = Release|Any CPU
	EndGlobalSection
	GlobalSection(SolutionProperties) = preSolution
		HideSolutionNode = FALSE
	EndGlobalSection
	GlobalSection(ExtensibilityGlobals) = postSolution
		SolutionGuid = {EA765B9B-8AEC-4663-A106-71F160A087B7}
	EndGlobalSection
EndGlobal
